// !$*UTF8*$!
{
	archiveVersion = 1;
	classes = {
	};
	objectVersion = 46;
	objects = {

/* Begin PBXBuildFile section */
		001236821D7EE4C30004C0B5 /* GooglePlacesSearchController.swift in Sources */ = {isa = PBXBuildFile; fileRef = 001236811D7EE4C30004C0B5 /* GooglePlacesSearchController.swift */; };
		00B032EE1D7EC243007E2DC5 /* AppDelegate.swift in Sources */ = {isa = PBXBuildFile; fileRef = 00B032ED1D7EC243007E2DC5 /* AppDelegate.swift */; };
		00B032F01D7EC243007E2DC5 /* ViewController.swift in Sources */ = {isa = PBXBuildFile; fileRef = 00B032EF1D7EC243007E2DC5 /* ViewController.swift */; };
		00B032F31D7EC243007E2DC5 /* Main.storyboard in Resources */ = {isa = PBXBuildFile; fileRef = 00B032F11D7EC243007E2DC5 /* Main.storyboard */; };
		00B032F51D7EC243007E2DC5 /* Assets.xcassets in Resources */ = {isa = PBXBuildFile; fileRef = 00B032F41D7EC243007E2DC5 /* Assets.xcassets */; };
		00B032F81D7EC243007E2DC5 /* LaunchScreen.storyboard in Resources */ = {isa = PBXBuildFile; fileRef = 00B032F61D7EC243007E2DC5 /* LaunchScreen.storyboard */; };
		00B033031D7EC244007E2DC5 /* TYDirectionSwiftTests.swift in Sources */ = {isa = PBXBuildFile; fileRef = 00B033021D7EC244007E2DC5 /* TYDirectionSwiftTests.swift */; };
		00B0330E1D7EC244007E2DC5 /* TYDirectionSwiftUITests.swift in Sources */ = {isa = PBXBuildFile; fileRef = 00B0330D1D7EC244007E2DC5 /* TYDirectionSwiftUITests.swift */; };
		00B0331C1D7EC309007E2DC5 /* MapKit.framework in Frameworks */ = {isa = PBXBuildFile; fileRef = 00B0331B1D7EC309007E2DC5 /* MapKit.framework */; };
		00B0331E1D7EC383007E2DC5 /* DirectionManager.swift in Sources */ = {isa = PBXBuildFile; fileRef = 00B0331D1D7EC383007E2DC5 /* DirectionManager.swift */; };
		00B033201D7EC959007E2DC5 /* DirectionDetail.swift in Sources */ = {isa = PBXBuildFile; fileRef = 00B0331F1D7EC959007E2DC5 /* DirectionDetail.swift */; };
		00B033221D7ECF75007E2DC5 /* DirectionTbl.swift in Sources */ = {isa = PBXBuildFile; fileRef = 00B033211D7ECF75007E2DC5 /* DirectionTbl.swift */; };
/* End PBXBuildFile section */

/* Begin PBXContainerItemProxy section */
		00B032FF1D7EC244007E2DC5 /* PBXContainerItemProxy */ = {
			isa = PBXContainerItemProxy;
			containerPortal = 00B032E21D7EC243007E2DC5 /* Project object */;
			proxyType = 1;
			remoteGlobalIDString = 00B032E91D7EC243007E2DC5;
			remoteInfo = TYDirectionSwift;
		};
		00B0330A1D7EC244007E2DC5 /* PBXContainerItemProxy */ = {
			isa = PBXContainerItemProxy;
			containerPortal = 00B032E21D7EC243007E2DC5 /* Project object */;
			proxyType = 1;
			remoteGlobalIDString = 00B032E91D7EC243007E2DC5;
			remoteInfo = TYDirectionSwift;
		};
/* End PBXContainerItemProxy section */

/* Begin PBXFileReference section */
		001236811D7EE4C30004C0B5 /* GooglePlacesSearchController.swift */ = {isa = PBXFileReference; fileEncoding = 4; lastKnownFileType = sourcecode.swift; path = GooglePlacesSearchController.swift; sourceTree = "<group>"; };
		00B032EA1D7EC243007E2DC5 /* TYDirectionSwift.app */ = {isa = PBXFileReference; explicitFileType = wrapper.application; includeInIndex = 0; path = TYDirectionSwift.app; sourceTree = BUILT_PRODUCTS_DIR; };
		00B032ED1D7EC243007E2DC5 /* AppDelegate.swift */ = {isa = PBXFileReference; lastKnownFileType = sourcecode.swift; path = AppDelegate.swift; sourceTree = "<group>"; };
		00B032EF1D7EC243007E2DC5 /* ViewController.swift */ = {isa = PBXFileReference; lastKnownFileType = sourcecode.swift; path = ViewController.swift; sourceTree = "<group>"; };
		00B032F21D7EC243007E2DC5 /* Base */ = {isa = PBXFileReference; lastKnownFileType = file.storyboard; name = Base; path = Base.lproj/Main.storyboard; sourceTree = "<group>"; };
		00B032F41D7EC243007E2DC5 /* Assets.xcassets */ = {isa = PBXFileReference; lastKnownFileType = folder.assetcatalog; path = Assets.xcassets; sourceTree = "<group>"; };
		00B032F71D7EC243007E2DC5 /* Base */ = {isa = PBXFileReference; lastKnownFileType = file.storyboard; name = Base; path = Base.lproj/LaunchScreen.storyboard; sourceTree = "<group>"; };
		00B032F91D7EC243007E2DC5 /* Info.plist */ = {isa = PBXFileReference; lastKnownFileType = text.plist.xml; path = Info.plist; sourceTree = "<group>"; };
		00B032FE1D7EC244007E2DC5 /* TYDirectionSwiftTests.xctest */ = {isa = PBXFileReference; explicitFileType = wrapper.cfbundle; includeInIndex = 0; path = TYDirectionSwiftTests.xctest; sourceTree = BUILT_PRODUCTS_DIR; };
		00B033021D7EC244007E2DC5 /* TYDirectionSwiftTests.swift */ = {isa = PBXFileReference; lastKnownFileType = sourcecode.swift; path = TYDirectionSwiftTests.swift; sourceTree = "<group>"; };
		00B033041D7EC244007E2DC5 /* Info.plist */ = {isa = PBXFileReference; lastKnownFileType = text.plist.xml; path = Info.plist; sourceTree = "<group>"; };
		00B033091D7EC244007E2DC5 /* TYDirectionSwiftUITests.xctest */ = {isa = PBXFileReference; explicitFileType = wrapper.cfbundle; includeInIndex = 0; path = TYDirectionSwiftUITests.xctest; sourceTree = BUILT_PRODUCTS_DIR; };
		00B0330D1D7EC244007E2DC5 /* TYDirectionSwiftUITests.swift */ = {isa = PBXFileReference; lastKnownFileType = sourcecode.swift; path = TYDirectionSwiftUITests.swift; sourceTree = "<group>"; };
		00B0330F1D7EC244007E2DC5 /* Info.plist */ = {isa = PBXFileReference; lastKnownFileType = text.plist.xml; path = Info.plist; sourceTree = "<group>"; };
		00B0331B1D7EC309007E2DC5 /* MapKit.framework */ = {isa = PBXFileReference; lastKnownFileType = wrapper.framework; name = MapKit.framework; path = System/Library/Frameworks/MapKit.framework; sourceTree = SDKROOT; };
		00B0331D1D7EC383007E2DC5 /* DirectionManager.swift */ = {isa = PBXFileReference; fileEncoding = 4; lastKnownFileType = sourcecode.swift; path = DirectionManager.swift; sourceTree = "<group>"; };
		00B0331F1D7EC959007E2DC5 /* DirectionDetail.swift */ = {isa = PBXFileReference; fileEncoding = 4; lastKnownFileType = sourcecode.swift; path = DirectionDetail.swift; sourceTree = "<group>"; };
		00B033211D7ECF75007E2DC5 /* DirectionTbl.swift */ = {isa = PBXFileReference; fileEncoding = 4; lastKnownFileType = sourcecode.swift; path = DirectionTbl.swift; sourceTree = "<group>"; };
/* End PBXFileReference section */

/* Begin PBXFrameworksBuildPhase section */
		00B032E71D7EC243007E2DC5 /* Frameworks */ = {
			isa = PBXFrameworksBuildPhase;
			buildActionMask = 2147483647;
			files = (
				00B0331C1D7EC309007E2DC5 /* MapKit.framework in Frameworks */,
			);
			runOnlyForDeploymentPostprocessing = 0;
		};
		00B032FB1D7EC244007E2DC5 /* Frameworks */ = {
			isa = PBXFrameworksBuildPhase;
			buildActionMask = 2147483647;
			files = (
			);
			runOnlyForDeploymentPostprocessing = 0;
		};
		00B033061D7EC244007E2DC5 /* Frameworks */ = {
			isa = PBXFrameworksBuildPhase;
			buildActionMask = 2147483647;
			files = (
			);
			runOnlyForDeploymentPostprocessing = 0;
		};
/* End PBXFrameworksBuildPhase section */

/* Begin PBXGroup section */
		00B032E11D7EC243007E2DC5 = {
			isa = PBXGroup;
			children = (
				00B0331B1D7EC309007E2DC5 /* MapKit.framework */,
				00B032EC1D7EC243007E2DC5 /* TYDirectionSwift */,
				00B033011D7EC244007E2DC5 /* TYDirectionSwiftTests */,
				00B0330C1D7EC244007E2DC5 /* TYDirectionSwiftUITests */,
				00B032EB1D7EC243007E2DC5 /* Products */,
			);
			sourceTree = "<group>";
		};
		00B032EB1D7EC243007E2DC5 /* Products */ = {
			isa = PBXGroup;
			children = (
				00B032EA1D7EC243007E2DC5 /* TYDirectionSwift.app */,
				00B032FE1D7EC244007E2DC5 /* TYDirectionSwiftTests.xctest */,
				00B033091D7EC244007E2DC5 /* TYDirectionSwiftUITests.xctest */,
			);
			name = Products;
			sourceTree = "<group>";
		};
		00B032EC1D7EC243007E2DC5 /* TYDirectionSwift */ = {
			isa = PBXGroup;
			children = (
				00B032ED1D7EC243007E2DC5 /* AppDelegate.swift */,
				00B032EF1D7EC243007E2DC5 /* ViewController.swift */,
				00B0331D1D7EC383007E2DC5 /* DirectionManager.swift */,
				00B0331F1D7EC959007E2DC5 /* DirectionDetail.swift */,
				00B033211D7ECF75007E2DC5 /* DirectionTbl.swift */,
				001236811D7EE4C30004C0B5 /* GooglePlacesSearchController.swift */,
				00B032F11D7EC243007E2DC5 /* Main.storyboard */,
				00B032F41D7EC243007E2DC5 /* Assets.xcassets */,
				00B032F61D7EC243007E2DC5 /* LaunchScreen.storyboard */,
				00B032F91D7EC243007E2DC5 /* Info.plist */,
			);
			path = TYDirectionSwift;
			sourceTree = "<group>";
		};
		00B033011D7EC244007E2DC5 /* TYDirectionSwiftTests */ = {
			isa = PBXGroup;
			children = (
				00B033021D7EC244007E2DC5 /* TYDirectionSwiftTests.swift */,
				00B033041D7EC244007E2DC5 /* Info.plist */,
			);
			path = TYDirectionSwiftTests;
			sourceTree = "<group>";
		};
		00B0330C1D7EC244007E2DC5 /* TYDirectionSwiftUITests */ = {
			isa = PBXGroup;
			children = (
				00B0330D1D7EC244007E2DC5 /* TYDirectionSwiftUITests.swift */,
				00B0330F1D7EC244007E2DC5 /* Info.plist */,
			);
			path = TYDirectionSwiftUITests;
			sourceTree = "<group>";
		};
/* End PBXGroup section */

/* Begin PBXNativeTarget section */
		00B032E91D7EC243007E2DC5 /* TYDirectionSwift */ = {
			isa = PBXNativeTarget;
			buildConfigurationList = 00B033121D7EC244007E2DC5 /* Build configuration list for PBXNativeTarget "TYDirectionSwift" */;
			buildPhases = (
				00B032E61D7EC243007E2DC5 /* Sources */,
				00B032E71D7EC243007E2DC5 /* Frameworks */,
				00B032E81D7EC243007E2DC5 /* Resources */,
			);
			buildRules = (
			);
			dependencies = (
			);
			name = TYDirectionSwift;
			productName = TYDirectionSwift;
			productReference = 00B032EA1D7EC243007E2DC5 /* TYDirectionSwift.app */;
			productType = "com.apple.product-type.application";
		};
		00B032FD1D7EC244007E2DC5 /* TYDirectionSwiftTests */ = {
			isa = PBXNativeTarget;
			buildConfigurationList = 00B033151D7EC244007E2DC5 /* Build configuration list for PBXNativeTarget "TYDirectionSwiftTests" */;
			buildPhases = (
				00B032FA1D7EC244007E2DC5 /* Sources */,
				00B032FB1D7EC244007E2DC5 /* Frameworks */,
				00B032FC1D7EC244007E2DC5 /* Resources */,
			);
			buildRules = (
			);
			dependencies = (
				00B033001D7EC244007E2DC5 /* PBXTargetDependency */,
			);
			name = TYDirectionSwiftTests;
			productName = TYDirectionSwiftTests;
			productReference = 00B032FE1D7EC244007E2DC5 /* TYDirectionSwiftTests.xctest */;
			productType = "com.apple.product-type.bundle.unit-test";
		};
		00B033081D7EC244007E2DC5 /* TYDirectionSwiftUITests */ = {
			isa = PBXNativeTarget;
			buildConfigurationList = 00B033181D7EC244007E2DC5 /* Build configuration list for PBXNativeTarget "TYDirectionSwiftUITests" */;
			buildPhases = (
				00B033051D7EC244007E2DC5 /* Sources */,
				00B033061D7EC244007E2DC5 /* Frameworks */,
				00B033071D7EC244007E2DC5 /* Resources */,
			);
			buildRules = (
			);
			dependencies = (
				00B0330B1D7EC244007E2DC5 /* PBXTargetDependency */,
			);
			name = TYDirectionSwiftUITests;
			productName = TYDirectionSwiftUITests;
			productReference = 00B033091D7EC244007E2DC5 /* TYDirectionSwiftUITests.xctest */;
			productType = "com.apple.product-type.bundle.ui-testing";
		};
/* End PBXNativeTarget section */

/* Begin PBXProject section */
		00B032E21D7EC243007E2DC5 /* Project object */ = {
			isa = PBXProject;
			attributes = {
				LastSwiftUpdateCheck = 0730;
				LastUpgradeCheck = 0730;
				ORGANIZATIONNAME = VividInfotech;
				TargetAttributes = {
					00B032E91D7EC243007E2DC5 = {
						CreatedOnToolsVersion = 7.3.1;
					};
					00B032FD1D7EC244007E2DC5 = {
						CreatedOnToolsVersion = 7.3.1;
						TestTargetID = 00B032E91D7EC243007E2DC5;
					};
					00B033081D7EC244007E2DC5 = {
						CreatedOnToolsVersion = 7.3.1;
						TestTargetID = 00B032E91D7EC243007E2DC5;
					};
				};
			};
			buildConfigurationList = 00B032E51D7EC243007E2DC5 /* Build configuration list for PBXProject "TYDirectionSwift" */;
			compatibilityVersion = "Xcode 3.2";
			developmentRegion = English;
			hasScannedForEncodings = 0;
			knownRegions = (
				en,
				Base,
			);
			mainGroup = 00B032E11D7EC243007E2DC5;
			productRefGroup = 00B032EB1D7EC243007E2DC5 /* Products */;
			projectDirPath = "";
			projectRoot = "";
			targets = (
				00B032E91D7EC243007E2DC5 /* TYDirectionSwift */,
				00B032FD1D7EC244007E2DC5 /* TYDirectionSwiftTests */,
				00B033081D7EC244007E2DC5 /* TYDirectionSwiftUITests */,
			);
		};
/* End PBXProject section */

/* Begin PBXResourcesBuildPhase section */
		00B032E81D7EC243007E2DC5 /* Resources */ = {
			isa = PBXResourcesBuildPhase;
			buildActionMask = 2147483647;
			files = (
				00B032F81D7EC243007E2DC5 /* LaunchScreen.storyboard in Resources */,
				00B032F51D7EC243007E2DC5 /* Assets.xcassets in Resources */,
				00B032F31D7EC243007E2DC5 /* Main.storyboard in Resources */,
			);
			runOnlyForDeploymentPostprocessing = 0;
		};
		00B032FC1D7EC244007E2DC5 /* Resources */ = {
			isa = PBXResourcesBuildPhase;
			buildActionMask = 2147483647;
			files = (
			);
			runOnlyForDeploymentPostprocessing = 0;
		};
		00B033071D7EC244007E2DC5 /* Resources */ = {
			isa = PBXResourcesBuildPhase;
			buildActionMask = 2147483647;
			files = (
			);
			runOnlyForDeploymentPostprocessing = 0;
		};
/* End PBXResourcesBuildPhase section */

/* Begin PBXSourcesBuildPhase section */
		00B032E61D7EC243007E2DC5 /* Sources */ = {
			isa = PBXSourcesBuildPhase;
			buildActionMask = 2147483647;
			files = (
				001236821D7EE4C30004C0B5 /* GooglePlacesSearchController.swift in Sources */,
				00B033221D7ECF75007E2DC5 /* DirectionTbl.swift in Sources */,
				00B033201D7EC959007E2DC5 /* DirectionDetail.swift in Sources */,
				00B032F01D7EC243007E2DC5 /* ViewController.swift in Sources */,
				00B032EE1D7EC243007E2DC5 /* AppDelegate.swift in Sources */,
				00B0331E1D7EC383007E2DC5 /* DirectionManager.swift in Sources */,
			);
			runOnlyForDeploymentPostprocessing = 0;
		};
		00B032FA1D7EC244007E2DC5 /* Sources */ = {
			isa = PBXSourcesBuildPhase;
			buildActionMask = 2147483647;
			files = (
				00B033031D7EC244007E2DC5 /* TYDirectionSwiftTests.swift in Sources */,
			);
			runOnlyForDeploymentPostprocessing = 0;
		};
		00B033051D7EC244007E2DC5 /* Sources */ = {
			isa = PBXSourcesBuildPhase;
			buildActionMask = 2147483647;
			files = (
				00B0330E1D7EC244007E2DC5 /* TYDirectionSwiftUITests.swift in Sources */,
			);
			runOnlyForDeploymentPostprocessing = 0;
		};
/* End PBXSourcesBuildPhase section */

/* Begin PBXTargetDependency section */
		00B033001D7EC244007E2DC5 /* PBXTargetDependency */ = {
			isa = PBXTargetDependency;
			target = 00B032E91D7EC243007E2DC5 /* TYDirectionSwift */;
			targetProxy = 00B032FF1D7EC244007E2DC5 /* PBXContainerItemProxy */;
		};
		00B0330B1D7EC244007E2DC5 /* PBXTargetDependency */ = {
			isa = PBXTargetDependency;
			target = 00B032E91D7EC243007E2DC5 /* TYDirectionSwift */;
			targetProxy = 00B0330A1D7EC244007E2DC5 /* PBXContainerItemProxy */;
		};
/* End PBXTargetDependency section */

/* Begin PBXVariantGroup section */
		00B032F11D7EC243007E2DC5 /* Main.storyboard */ = {
			isa = PBXVariantGroup;
			children = (
				00B032F21D7EC243007E2DC5 /* Base */,
			);
			name = Main.storyboard;
			sourceTree = "<group>";
		};
		00B032F61D7EC243007E2DC5 /* LaunchScreen.storyboard */ = {
			isa = PBXVariantGroup;
			children = (
				00B032F71D7EC243007E2DC5 /* Base */,
			);
			name = LaunchScreen.storyboard;
			sourceTree = "<group>";
		};
/* End PBXVariantGroup section */

/* Begin XCBuildConfiguration section */
		00B033101D7EC244007E2DC5 /* Debug */ = {
			isa = XCBuildConfiguration;
			buildSettings = {
				ALWAYS_SEARCH_USER_PATHS = NO;
				CLANG_ANALYZER_NONNULL = YES;
				CLANG_CXX_LANGUAGE_STANDARD = "gnu++0x";
				CLANG_CXX_LIBRARY = "libc++";
				CLANG_ENABLE_MODULES = YES;
				CLANG_ENABLE_OBJC_ARC = YES;
				CLANG_WARN_BOOL_CONVERSION = YES;
				CLANG_WARN_CONSTANT_CONVERSION = YES;
				CLANG_WARN_DIRECT_OBJC_ISA_USAGE = YES_ERROR;
				CLANG_WARN_EMPTY_BODY = YES;
				CLANG_WARN_ENUM_CONVERSION = YES;
				CLANG_WARN_INT_CONVERSION = YES;
				CLANG_WARN_OBJC_ROOT_CLASS = YES_ERROR;
				CLANG_WARN_UNREACHABLE_CODE = YES;
				CLANG_WARN__DUPLICATE_METHOD_MATCH = YES;
				"CODE_SIGN_IDENTITY[sdk=iphoneos*]" = "iPhone Developer";
				COPY_PHASE_STRIP = NO;
				DEBUG_INFORMATION_FORMAT = dwarf;
				ENABLE_STRICT_OBJC_MSGSEND = YES;
				ENABLE_TESTABILITY = YES;
				GCC_C_LANGUAGE_STANDARD = gnu99;
				GCC_DYNAMIC_NO_PIC = NO;
				GCC_NO_COMMON_BLOCKS = YES;
				GCC_OPTIMIZATION_LEVEL = 0;
				GCC_PREPROCESSOR_DEFINITIONS = (
					"DEBUG=1",
					"$(inherited)",
				);
				GCC_WARN_64_TO_32_BIT_CONVERSION = YES;
				GCC_WARN_ABOUT_RETURN_TYPE = YES_ERROR;
				GCC_WARN_UNDECLARED_SELECTOR = YES;
				GCC_WARN_UNINITIALIZED_AUTOS = YES_AGGRESSIVE;
				GCC_WARN_UNUSED_FUNCTION = YES;
				GCC_WARN_UNUSED_VARIABLE = YES;
				IPHONEOS_DEPLOYMENT_TARGET = 9.3;
				MTL_ENABLE_DEBUG_INFO = YES;
				ONLY_ACTIVE_ARCH = YES;
				SDKROOT = iphoneos;
				SWIFT_OPTIMIZATION_LEVEL = "-Onone";
				TARGETED_DEVICE_FAMILY = "1,2";
			};
			name = Debug;
		};
		00B033111D7EC244007E2DC5 /* Release */ = {
			isa = XCBuildConfiguration;
			buildSettings = {
				ALWAYS_SEARCH_USER_PATHS = NO;
				CLANG_ANALYZER_NONNULL = YES;
				CLANG_CXX_LANGUAGE_STANDARD = "gnu++0x";
				CLANG_CXX_LIBRARY = "libc++";
				CLANG_ENABLE_MODULES = YES;
				CLANG_ENABLE_OBJC_ARC = YES;
				CLANG_WARN_BOOL_CONVERSION = YES;
				CLANG_WARN_CONSTANT_CONVERSION = YES;
				CLANG_WARN_DIRECT_OBJC_ISA_USAGE = YES_ERROR;
				CLANG_WARN_EMPTY_BODY = YES;
				CLANG_WARN_ENUM_CONVERSION = YES;
				CLANG_WARN_INT_CONVERSION = YES;
				CLANG_WARN_OBJC_ROOT_CLASS = YES_ERROR;
				CLANG_WARN_UNREACHABLE_CODE = YES;
				CLANG_WARN__DUPLICATE_METHOD_MATCH = YES;
				"CODE_SIGN_IDENTITY[sdk=iphoneos*]" = "iPhone Developer";
				COPY_PHASE_STRIP = NO;
				DEBUG_INFORMATION_FORMAT = "dwarf-with-dsym";
				ENABLE_NS_ASSERTIONS = NO;
				ENABLE_STRICT_OBJC_MSGSEND = YES;
				GCC_C_LANGUAGE_STANDARD = gnu99;
				GCC_NO_COMMON_BLOCKS = YES;
				GCC_WARN_64_TO_32_BIT_CONVERSION = YES;
				GCC_WARN_ABOUT_RETURN_TYPE = YES_ERROR;
				GCC_WARN_UNDECLARED_SELECTOR = YES;
				GCC_WARN_UNINITIALIZED_AUTOS = YES_AGGRESSIVE;
				GCC_WARN_UNUSED_FUNCTION = YES;
				GCC_WARN_UNUSED_VARIABLE = YES;
				IPHONEOS_DEPLOYMENT_TARGET = 9.3;
				MTL_ENABLE_DEBUG_INFO = NO;
				SDKROOT = iphoneos;
				TARGETED_DEVICE_FAMILY = "1,2";
				VALIDATE_PRODUCT = YES;
			};
			name = Release;
		};
		00B033131D7EC244007E2DC5 /* Debug */ = {
			isa = XCBuildConfiguration;
			buildSettings = {
				ASSETCATALOG_COMPILER_APPICON_NAME = AppIcon;
				INFOPLIST_FILE = TYDirectionSwift/Info.plist;
				LD_RUNPATH_SEARCH_PATHS = "$(inherited) @executable_path/Frameworks";
				PRODUCT_BUNDLE_IDENTIFIER = VividInfotech.TYDirectionSwift;
				PRODUCT_NAME = "$(TARGET_NAME)";
			};
			name = Debug;
		};
		00B033141D7EC244007E2DC5 /* Release */ = {
			isa = XCBuildConfiguration;
			buildSettings = {
				ASSETCATALOG_COMPILER_APPICON_NAME = AppIcon;
				INFOPLIST_FILE = TYDirectionSwift/Info.plist;
				LD_RUNPATH_SEARCH_PATHS = "$(inherited) @executable_path/Frameworks";
				PRODUCT_BUNDLE_IDENTIFIER = VividInfotech.TYDirectionSwift;
				PRODUCT_NAME = "$(TARGET_NAME)";
			};
			name = Release;
		};
		00B033161D7EC244007E2DC5 /* Debug */ = {
			isa = XCBuildConfiguration;
			buildSettings = {
				BUNDLE_LOADER = "$(TEST_HOST)";
				INFOPLIST_FILE = TYDirectionSwiftTests/Info.plist;
				LD_RUNPATH_SEARCH_PATHS = "$(inherited) @executable_path/Frameworks @loader_path/Frameworks";
				PRODUCT_BUNDLE_IDENTIFIER = VividInfotech.TYDirectionSwiftTests;
				PRODUCT_NAME = "$(TARGET_NAME)";
				TEST_HOST = "$(BUILT_PRODUCTS_DIR)/TYDirectionSwift.app/TYDirectionSwift";
			};
			name = Debug;
		};
		00B033171D7EC244007E2DC5 /* Release */ = {
			isa = XCBuildConfiguration;
			buildSettings = {
				BUNDLE_LOADER = "$(TEST_HOST)";
				INFOPLIST_FILE = TYDirectionSwiftTests/Info.plist;
				LD_RUNPATH_SEARCH_PATHS = "$(inherited) @executable_path/Frameworks @loader_path/Frameworks";
				PRODUCT_BUNDLE_IDENTIFIER = VividInfotech.TYDirectionSwiftTests;
				PRODUCT_NAME = "$(TARGET_NAME)";
				TEST_HOST = "$(BUILT_PRODUCTS_DIR)/TYDirectionSwift.app/TYDirectionSwift";
			};
			name = Release;
		};
		00B033191D7EC244007E2DC5 /* Debug */ = {
			isa = XCBuildConfiguration;
			buildSettings = {
				INFOPLIST_FILE = TYDirectionSwiftUITests/Info.plist;
				LD_RUNPATH_SEARCH_PATHS = "$(inherited) @executable_path/Frameworks @loader_path/Frameworks";
				PRODUCT_BUNDLE_IDENTIFIER = VividInfotech.TYDirectionSwiftUITests;
				PRODUCT_NAME = "$(TARGET_NAME)";
				TEST_TARGET_NAME = TYDirectionSwift;
			};
			name = Debug;
		};
		00B0331A1D7EC244007E2DC5 /* Release */ = {
			isa = XCBuildConfiguration;
			buildSettings = {
				INFOPLIST_FILE = TYDirectionSwiftUITests/Info.plist;
				LD_RUNPATH_SEARCH_PATHS = "$(inherited) @executable_path/Frameworks @loader_path/Frameworks";
				PRODUCT_BUNDLE_IDENTIFIER = VividInfotech.TYDirectionSwiftUITests;
				PRODUCT_NAME = "$(TARGET_NAME)";
				TEST_TARGET_NAME = TYDirectionSwift;
			};
			name = Release;
		};
/* End XCBuildConfiguration section */

/* Begin XCConfigurationList section */
		00B032E51D7EC243007E2DC5 /* Build configuration list for PBXProject "TYDirectionSwift" */ = {
			isa = XCConfigurationList;
			buildConfigurations = (
				00B033101D7EC244007E2DC5 /* Debug */,
				00B033111D7EC244007E2DC5 /* Release */,
			);
			defaultConfigurationIsVisible = 0;
			defaultConfigurationName = Release;
		};
		00B033121D7EC244007E2DC5 /* Build configuration list for PBXNativeTarget "TYDirectionSwift" */ = {
			isa = XCConfigurationList;
			buildConfigurations = (
				00B033131D7EC244007E2DC5 /* Debug */,
				00B033141D7EC244007E2DC5 /* Release */,
			);
			defaultConfigurationIsVisible = 0;
			defaultConfigurationName = Release;
		};
		00B033151D7EC244007E2DC5 /* Build configuration list for PBXNativeTarget "TYDirectionSwiftTests" */ = {
			isa = XCConfigurationList;
			buildConfigurations = (
				00B033161D7EC244007E2DC5 /* Debug */,
				00B033171D7EC244007E2DC5 /* Release */,
			);
			defaultConfigurationIsVisible = 0;
			defaultConfigurationName = Release;
		};
		00B033181D7EC244007E2DC5 /* Build configuration list for PBXNativeTarget "TYDirectionSwiftUITests" */ = {
			isa = XCConfigurationList;
			buildConfigurations = (
				00B033191D7EC244007E2DC5 /* Debug */,
				00B0331A1D7EC244007E2DC5 /* Release */,
			);
			defaultConfigurationIsVisible = 0;
			defaultConfigurationName = Release;
		};
/* End XCConfigurationList section */
	};
	rootObject = 00B032E21D7EC243007E2DC5 /* Project object */;
}
